{
    "_readme": [
        "This file locks the dependencies of your project to a known state",
        "Read more about it at https://getcomposer.org/doc/01-basic-usage.md#composer-lock-the-lock-file",
        "This file is @generated automatically"
    ],
    "hash": "a6d928b8aa0479563399a593487e375e",
    "content-hash": "d5ca43acaccc008e1f6c4fb8ec378e77",
    "packages": [
        {
            "name": "erusev/parsedown",
            "version": "1.6.1",
            "source": {
                "type": "git",
                "url": "https://github.com/erusev/parsedown.git",
                "reference": "20ff8bbb57205368b4b42d094642a3e52dac85fb"
            },
            "dist": {
                "type": "zip",
                "url": "https://api.github.com/repos/erusev/parsedown/zipball/20ff8bbb57205368b4b42d094642a3e52dac85fb",
                "reference": "20ff8bbb57205368b4b42d094642a3e52dac85fb",
                "shasum": ""
            },
            "require": {
                "php": ">=5.3.0"
            },
            "type": "library",
            "autoload": {
                "psr-0": {
                    "Parsedown": ""
                }
            },
            "notification-url": "https://packagist.org/downloads/",
            "license": [
                "MIT"
            ],
            "authors": [
                {
                    "name": "Emanuil Rusev",
                    "email": "hello@erusev.com",
                    "homepage": "http://erusev.com"
                }
            ],
            "description": "Parser for Markdown.",
            "homepage": "http://parsedown.org",
            "keywords": [
                "markdown",
                "parser"
            ],
            "time": "2016-11-02 15:56:58"
        },
        {
            "name": "firephp/firephp-core",
            "version": "v0.4.0",
            "source": {
                "type": "git",
                "url": "https://github.com/firephp/firephp-core.git",
                "reference": "fabad0f2503f9577fe8dd2cb1d1c7cd73ed2aacf"
            },
            "dist": {
                "type": "zip",
                "url": "https://api.github.com/repos/firephp/firephp-core/zipball/fabad0f2503f9577fe8dd2cb1d1c7cd73ed2aacf",
                "reference": "fabad0f2503f9577fe8dd2cb1d1c7cd73ed2aacf",
                "shasum": ""
            },
            "type": "library",
            "autoload": {
                "classmap": [
                    "lib/FirePHPCore/FirePHP.class.php",
                    "lib/FirePHPCore/fb.php"
                ]
            },
            "notification-url": "https://packagist.org/downloads/",
            "license": [
                "MIT"
            ],
            "authors": [
                {
                    "name": "Christoph Dorn",
                    "email": "christoph@christophdorn.com",
                    "homepage": "http://christophdorn.com"
                }
            ],
            "description": "Traditional FirePHPCore library for sending PHP variables to the browser.",
            "homepage": "https://github.com/firephp/firephp-core",
            "time": "2013-04-23 15:28:20"
        },
        {
            "name": "pradosoft/prado",
            "version": "dev-master",
            "source": {
                "type": "git",
                "url": "https://github.com/pradosoft/prado.git",
                "reference": "9292c5dbcf422f713244d7554b00d2ca69954565"
            },
            "dist": {
                "type": "zip",
                "url": "https://api.github.com/repos/pradosoft/prado/zipball/9292c5dbcf422f713244d7554b00d2ca69954565",
                "reference": "9292c5dbcf422f713244d7554b00d2ca69954565",
                "shasum": ""
            },
            "require": {
                "erusev/parsedown": "*",
                "ext-ctype": "*",
                "ext-dom": "*",
                "ext-json": "*",
                "ext-pcre": "*",
                "ext-spl": "*",
                "firephp/firephp-core": "*",
                "php": ">=5.3.3"
            },
            "provide": {
                "pradosoft/prado": "4.0"
            },
            "require-dev": {
                "apigen/apigen": "dev-master",
                "ext-xdebug": "*",
                "phpunit/dbunit": "*",
                "phpunit/php-invoker": "*",
                "phpunit/phpunit": "5.*",
                "phpunit/phpunit-selenium": "3.*",
                "pradosoft/prado-apigen-theme": "*"
            },
            "suggest": {
                "ext-apc": "Enables the use of TAPCCache as a cache handler",
                "ext-eaccelerator": "Enables the use of TEACache as a cache handler",
                "ext-hash": "Enables use of hash functions other than md5 and sha1",
                "ext-iconv": "Used by some internationaization components",
                "ext-mbstring": "Prado can use the mbstring extension for locale-aware string operations",
                "ext-mcrypt": "Enables encryption of sensitive data, eg. page viewstate",
                "ext-memcache": "Enables the use of TMemCache as a cache handler",
                "ext-pdo": "Used by all the Prado\\Data components, eg. TActiveRecord",
                "ext-soap": "Used by TSoapService to provide a soap backend",
                "ext-xcache": "Enables the use of TXCache as a cache handler",
                "ext-xsl": "Used by the TXmlTransform component",
                "ext-zlib": "Enables compression to reduce page size",
                "pradosoft/prado-demos": "Demo applications for Prado"
            },
            "bin": [
                "bin/prado-cli"
            ],
            "type": "library",
            "autoload": {
                "psr-4": {
                    "Prado\\": "framework"
                }
            },
            "notification-url": "https://packagist.org/downloads/",
            "license": [
                "BSD-3-Clause"
            ],
            "authors": [
                {
                    "name": "Fabio Bas",
                    "email": "ctrlaltca@gmail.com",
                    "role": "Developer"
                },
                {
                    "name": "Ciro Mattia Gonano",
                    "email": "ciromattia@gmail.com",
                    "role": "Github/Packagist Maintainer"
                },
                {
                    "name": "David Otto",
                    "role": "Developer"
                },
                {
                    "name": "Jens Klaer",
                    "role": "Developer"
                },
                {
                    "name": "Daniel Sampedro",
                    "email": "darthdaniel85@gmail.com",
                    "role": "Developer"
                }
            ],
            "description": "Component Framework for PHP",
            "homepage": "https://github.com/pradosoft/prado",
            "keywords": [
                "component",
                "framework"
            ],
            "time": "2016-11-25 14:24:29"
        }
    ],
    "packages-dev": [],
    "aliases": [],
    "minimum-stability": "stable",
    "stability-flags": {
        "pradosoft/prado": 20
    },
    "prefer-stable": false,
    "prefer-lowest": false,
    "platform": [],
    "platform-dev": []
}
