{
    "_readme": [
        "This file locks the dependencies of your project to a known state",
        "Read more about it at https://getcomposer.org/doc/01-basic-usage.md#composer-lock-the-lock-file",
        "This file is @generated automatically"
    ],
    "content-hash": "660c7bff2193d4fd9742593414146bb0",
    "packages": [
        {
            "name": "bower-asset/bootstrap",
            "version": "3.3.7.0",
            "source": {
                "type": "git",
                "url": "https://github.com/twbs/bootstrap.git",
                "reference": "0b9c4a4007c44201dce9a6cc1a38407005c26c86"
            },
            "dist": {
                "type": "zip",
                "url": "https://api.github.com/repos/twbs/bootstrap/zipball/0b9c4a4007c44201dce9a6cc1a38407005c26c86",
                "reference": "0b9c4a4007c44201dce9a6cc1a38407005c26c86",
                "shasum": null
            },
            "require": {
                "bower-asset/jquery": ">=1.9.1,<4.0"
            },
            "type": "library"
        },
        {
            "name": "bower-asset/clipboard",
            "version": "1.6.1.0",
            "source": {
                "type": "git",
                "url": "https://github.com/zenorocha/clipboard.js.git",
                "reference": "f59d4e6b4db55b0f462eeb96fb74db3469e0765d"
            },
            "dist": {
                "type": "zip",
                "url": "https://api.github.com/repos/zenorocha/clipboard.js/zipball/f59d4e6b4db55b0f462eeb96fb74db3469e0765d",
                "reference": "f59d4e6b4db55b0f462eeb96fb74db3469e0765d",
                "shasum": null
            },
            "type": "library"
        },
        {
            "name": "bower-asset/highlightjs",
            "version": "9.10.0.0",
            "source": {
                "type": "git",
                "url": "https://github.com/components/highlightjs.git",
                "reference": "3fd01f95016934d7945f3900f746851a1233d5a8"
            },
            "dist": {
                "type": "zip",
                "url": "https://api.github.com/repos/components/highlightjs/zipball/3fd01f95016934d7945f3900f746851a1233d5a8",
                "reference": "3fd01f95016934d7945f3900f746851a1233d5a8",
                "shasum": null
            },
            "type": "library"
        },
        {
            "name": "bower-asset/highlightjs-line-numbers.js",
            "version": "1.1.0.0",
            "source": {
                "type": "git",
                "url": "https://github.com/wcoder/highlightjs-line-numbers.js.git",
                "reference": "2acd76fda5e72d4eee9031221bd340c7fcf9eb79"
            },
            "dist": {
                "type": "zip",
                "url": "https://api.github.com/repos/wcoder/highlightjs-line-numbers.js/zipball/2acd76fda5e72d4eee9031221bd340c7fcf9eb79",
                "reference": "2acd76fda5e72d4eee9031221bd340c7fcf9eb79",
                "shasum": null
            },
            "type": "library"
        },
        {
            "name": "bower-asset/jquery",
            "version": "3.2.1.0",
            "source": {
                "type": "git",
                "url": "https://github.com/jquery/jquery-dist.git",
                "reference": "77d2a51d0520d2ee44173afdf4e40a9201f5964e"
            },
            "dist": {
                "type": "zip",
                "url": "https://api.github.com/repos/jquery/jquery-dist/zipball/77d2a51d0520d2ee44173afdf4e40a9201f5964e",
                "reference": "77d2a51d0520d2ee44173afdf4e40a9201f5964e",
                "shasum": null
            },
            "type": "library"
        },
        {
            "name": "bower-asset/jquery-ui",
            "version": "1.12.1.0",
            "source": {
                "type": "git",
                "url": "https://github.com/components/jqueryui.git",
                "reference": "44ecf3794cc56b65954cc19737234a3119d036cc"
            },
            "dist": {
                "type": "zip",
                "url": "https://api.github.com/repos/components/jqueryui/zipball/44ecf3794cc56b65954cc19737234a3119d036cc",
                "reference": "44ecf3794cc56b65954cc19737234a3119d036cc",
                "shasum": null
            },
            "require": {
                "bower-asset/jquery": ">=1.6"
            },
            "type": "library"
        },
        {
            "name": "bower-asset/prototypejs-bower",
            "version": "1.7.0.0",
            "source": {
                "type": "git",
                "url": "https://github.com/plynchnlm/prototypejs-bower.git",
                "reference": "880a287e8cbdc08bd731ab3f013a1af486633f79"
            },
            "dist": {
                "type": "zip",
                "url": "https://api.github.com/repos/plynchnlm/prototypejs-bower/zipball/880a287e8cbdc08bd731ab3f013a1af486633f79",
                "reference": "880a287e8cbdc08bd731ab3f013a1af486633f79",
                "shasum": null
            },
            "type": "library"
        },
        {
            "name": "bower-asset/scriptaculous-bower",
            "version": "1.9.0.0",
            "source": {
                "type": "git",
                "url": "https://github.com/plynchnlm/scriptaculous-bower.git",
                "reference": "cd5b0f19ef8c777e9dbf8a1f9389d1a5091ff34d"
            },
            "dist": {
                "type": "zip",
                "url": "https://api.github.com/repos/plynchnlm/scriptaculous-bower/zipball/cd5b0f19ef8c777e9dbf8a1f9389d1a5091ff34d",
                "reference": "cd5b0f19ef8c777e9dbf8a1f9389d1a5091ff34d",
                "shasum": null
            },
            "require": {
                "bower-asset/prototypejs-bower": "1.7.0"
            },
            "type": "library"
        },
        {
            "name": "bower-asset/tinymce",
            "version": "4.5.6.0",
            "source": {
                "type": "git",
                "url": "https://github.com/tinymce/tinymce-dist.git",
                "reference": "87a20625963d051cce993130c6d8ebd5fbc96314"
            },
            "dist": {
                "type": "zip",
                "url": "https://api.github.com/repos/tinymce/tinymce-dist/zipball/87a20625963d051cce993130c6d8ebd5fbc96314",
                "reference": "87a20625963d051cce993130c6d8ebd5fbc96314",
                "shasum": null
            },
            "type": "library"
        },
        {
            "name": "dnoegel/php-xdg-base-dir",
            "version": "0.1",
            "source": {
                "type": "git",
                "url": "https://github.com/dnoegel/php-xdg-base-dir.git",
                "reference": "265b8593498b997dc2d31e75b89f053b5cc9621a"
            },
            "dist": {
                "type": "zip",
                "url": "https://api.github.com/repos/dnoegel/php-xdg-base-dir/zipball/265b8593498b997dc2d31e75b89f053b5cc9621a",
                "reference": "265b8593498b997dc2d31e75b89f053b5cc9621a",
                "shasum": ""
            },
            "require": {
                "php": ">=5.3.2"
            },
            "require-dev": {
                "phpunit/phpunit": "@stable"
            },
            "type": "project",
            "autoload": {
                "psr-4": {
                    "XdgBaseDir\\": "src/"
                }
            },
            "notification-url": "https://packagist.org/downloads/",
            "license": [
                "MIT"
            ],
            "description": "implementation of xdg base directory specification for php",
            "time": "2014-10-24T07:27:01+00:00"
        },
        {
            "name": "erusev/parsedown",
            "version": "1.6.2",
            "source": {
                "type": "git",
                "url": "https://github.com/erusev/parsedown.git",
                "reference": "1bf24f7334fe16c88bf9d467863309ceaf285b01"
            },
            "dist": {
                "type": "zip",
                "url": "https://api.github.com/repos/erusev/parsedown/zipball/1bf24f7334fe16c88bf9d467863309ceaf285b01",
                "reference": "1bf24f7334fe16c88bf9d467863309ceaf285b01",
                "shasum": ""
            },
            "require": {
                "php": ">=5.3.0"
            },
            "type": "library",
            "autoload": {
                "psr-0": {
                    "Parsedown": ""
                }
            },
            "notification-url": "https://packagist.org/downloads/",
            "license": [
                "MIT"
            ],
            "authors": [
                {
                    "name": "Emanuil Rusev",
                    "email": "hello@erusev.com",
                    "homepage": "http://erusev.com"
                }
            ],
            "description": "Parser for Markdown.",
            "homepage": "http://parsedown.org",
            "keywords": [
                "markdown",
                "parser"
            ],
            "time": "2017-03-29T16:04:15+00:00"
        },
        {
            "name": "ezyang/htmlpurifier",
            "version": "v4.9.2",
            "source": {
                "type": "git",
                "url": "https://github.com/ezyang/htmlpurifier.git",
                "reference": "6d50e5282afdfdfc3e0ff6d192aff56c5629b3d4"
            },
            "dist": {
                "type": "zip",
                "url": "https://api.github.com/repos/ezyang/htmlpurifier/zipball/6d50e5282afdfdfc3e0ff6d192aff56c5629b3d4",
                "reference": "6d50e5282afdfdfc3e0ff6d192aff56c5629b3d4",
                "shasum": ""
            },
            "require": {
                "php": ">=5.2"
            },
            "require-dev": {
                "simpletest/simpletest": "^1.1"
            },
            "type": "library",
            "autoload": {
                "psr-0": {
                    "HTMLPurifier": "library/"
                },
                "files": [
                    "library/HTMLPurifier.composer.php"
                ]
            },
            "notification-url": "https://packagist.org/downloads/",
            "license": [
                "LGPL"
            ],
            "authors": [
                {
                    "name": "Edward Z. Yang",
                    "email": "admin@htmlpurifier.org",
                    "homepage": "http://ezyang.com"
                }
            ],
            "description": "Standards compliant HTML filter written in PHP",
            "homepage": "http://htmlpurifier.org/",
            "keywords": [
                "html"
            ],
            "time": "2017-03-13T06:30:53+00:00"
        },
        {
            "name": "firephp/firephp-core",
            "version": "v0.4.0",
            "source": {
                "type": "git",
                "url": "https://github.com/firephp/firephp-core.git",
                "reference": "fabad0f2503f9577fe8dd2cb1d1c7cd73ed2aacf"
            },
            "dist": {
                "type": "zip",
                "url": "https://api.github.com/repos/firephp/firephp-core/zipball/fabad0f2503f9577fe8dd2cb1d1c7cd73ed2aacf",
                "reference": "fabad0f2503f9577fe8dd2cb1d1c7cd73ed2aacf",
                "shasum": ""
            },
            "type": "library",
            "autoload": {
                "classmap": [
                    "lib/FirePHPCore/FirePHP.class.php",
                    "lib/FirePHPCore/fb.php"
                ]
            },
            "notification-url": "https://packagist.org/downloads/",
            "license": [
                "MIT"
            ],
            "authors": [
                {
                    "name": "Christoph Dorn",
                    "email": "christoph@christophdorn.com",
                    "homepage": "http://christophdorn.com"
                }
            ],
            "description": "Traditional FirePHPCore library for sending PHP variables to the browser.",
            "homepage": "https://github.com/firephp/firephp-core",
            "time": "2013-04-23T15:28:20+00:00"
        },
        {
            "name": "jakub-onderka/php-console-color",
            "version": "0.1",
            "source": {
                "type": "git",
                "url": "https://github.com/JakubOnderka/PHP-Console-Color.git",
                "reference": "e0b393dacf7703fc36a4efc3df1435485197e6c1"
            },
            "dist": {
                "type": "zip",
                "url": "https://api.github.com/repos/JakubOnderka/PHP-Console-Color/zipball/e0b393dacf7703fc36a4efc3df1435485197e6c1",
                "reference": "e0b393dacf7703fc36a4efc3df1435485197e6c1",
                "shasum": ""
            },
            "require": {
                "php": ">=5.3.2"
            },
            "require-dev": {
                "jakub-onderka/php-code-style": "1.0",
                "jakub-onderka/php-parallel-lint": "0.*",
                "jakub-onderka/php-var-dump-check": "0.*",
                "phpunit/phpunit": "3.7.*",
                "squizlabs/php_codesniffer": "1.*"
            },
            "type": "library",
            "autoload": {
                "psr-0": {
                    "JakubOnderka\\PhpConsoleColor": "src/"
                }
            },
            "notification-url": "https://packagist.org/downloads/",
            "license": [
                "BSD-2-Clause"
            ],
            "authors": [
                {
                    "name": "Jakub Onderka",
                    "email": "jakub.onderka@gmail.com",
                    "homepage": "http://www.acci.cz"
                }
            ],
            "time": "2014-04-08T15:00:19+00:00"
        },
        {
            "name": "jakub-onderka/php-console-highlighter",
            "version": "v0.3.2",
            "source": {
                "type": "git",
                "url": "https://github.com/JakubOnderka/PHP-Console-Highlighter.git",
                "reference": "7daa75df45242c8d5b75a22c00a201e7954e4fb5"
            },
            "dist": {
                "type": "zip",
                "url": "https://api.github.com/repos/JakubOnderka/PHP-Console-Highlighter/zipball/7daa75df45242c8d5b75a22c00a201e7954e4fb5",
                "reference": "7daa75df45242c8d5b75a22c00a201e7954e4fb5",
                "shasum": ""
            },
            "require": {
                "jakub-onderka/php-console-color": "~0.1",
                "php": ">=5.3.0"
            },
            "require-dev": {
                "jakub-onderka/php-code-style": "~1.0",
                "jakub-onderka/php-parallel-lint": "~0.5",
                "jakub-onderka/php-var-dump-check": "~0.1",
                "phpunit/phpunit": "~4.0",
                "squizlabs/php_codesniffer": "~1.5"
            },
            "type": "library",
            "autoload": {
                "psr-0": {
                    "JakubOnderka\\PhpConsoleHighlighter": "src/"
                }
            },
            "notification-url": "https://packagist.org/downloads/",
            "license": [
                "MIT"
            ],
            "authors": [
                {
                    "name": "Jakub Onderka",
                    "email": "acci@acci.cz",
                    "homepage": "http://www.acci.cz/"
                }
            ],
            "time": "2015-04-20T18:58:01+00:00"
        },
        {
            "name": "nikic/php-parser",
            "version": "v3.0.5",
            "source": {
                "type": "git",
                "url": "https://github.com/nikic/PHP-Parser.git",
                "reference": "2b9e2f71b722f7c53918ab0c25f7646c2013f17d"
            },
            "dist": {
                "type": "zip",
                "url": "https://api.github.com/repos/nikic/PHP-Parser/zipball/2b9e2f71b722f7c53918ab0c25f7646c2013f17d",
                "reference": "2b9e2f71b722f7c53918ab0c25f7646c2013f17d",
                "shasum": ""
            },
            "require": {
                "ext-tokenizer": "*",
                "php": ">=5.5"
            },
            "require-dev": {
                "phpunit/phpunit": "~4.0|~5.0"
            },
            "bin": [
                "bin/php-parse"
            ],
            "type": "library",
            "extra": {
                "branch-alias": {
                    "dev-master": "3.0-dev"
                }
            },
            "autoload": {
                "psr-4": {
                    "PhpParser\\": "lib/PhpParser"
                }
            },
            "notification-url": "https://packagist.org/downloads/",
            "license": [
                "BSD-3-Clause"
            ],
            "authors": [
                {
                    "name": "Nikita Popov"
                }
            ],
            "description": "A PHP parser written in PHP",
            "keywords": [
                "parser",
                "php"
            ],
            "time": "2017-03-05T18:23:57+00:00"
        },
        {
            "name": "pradosoft/prado",
            "version": "dev-master",
            "source": {
                "type": "git",
                "url": "https://github.com/pradosoft/prado.git",
                "reference": "704662ace63c0e959afceec32a2c70d34dfe21ae"
            },
            "dist": {
                "type": "zip",
                "url": "https://api.github.com/repos/pradosoft/prado/zipball/704662ace63c0e959afceec32a2c70d34dfe21ae",
                "reference": "704662ace63c0e959afceec32a2c70d34dfe21ae",
                "shasum": ""
            },
            "require": {
                "bower-asset/bootstrap": "^3.3",
                "bower-asset/clipboard": "*",
                "bower-asset/highlightjs": "^9",
                "bower-asset/highlightjs-line-numbers.js": "*",
                "bower-asset/jquery": "^3.1",
                "bower-asset/jquery-ui": "^1.12",
                "bower-asset/prototypejs-bower": "^1.7",
                "bower-asset/scriptaculous-bower": "^1.9",
                "bower-asset/tinymce": "^4",
                "erusev/parsedown": "*",
                "ext-ctype": "*",
                "ext-dom": "*",
                "ext-json": "*",
                "ext-pcre": "*",
                "ext-spl": "*",
                "ezyang/htmlpurifier": "*",
                "firephp/firephp-core": "*",
                "php": ">=5.3.3",
                "pradosoft/prado-tinymce3": "*",
                "pradosoft/prado-wsdlgenerator": "*",
                "psy/psysh": "*"
            },
            "provide": {
                "pradosoft/prado": "4.0"
            },
            "require-dev": {
                "ext-xdebug": "*",
                "phpunit/dbunit": "*",
                "phpunit/php-invoker": "*",
                "phpunit/phpunit": "5.*",
                "phpunit/phpunit-selenium": "3.*",
                "pradosoft/apigen": "4.2.x-dev",
                "pradosoft/prado-apigen-theme": "*"
            },
            "suggest": {
                "ext-apc": "Enables the use of TAPCCache as a cache handler",
                "ext-eaccelerator": "Enables the use of TEACache as a cache handler",
                "ext-hash": "Enables use of hash functions other than md5 and sha1",
                "ext-iconv": "Used by some internationaization components",
                "ext-mbstring": "Prado can use the mbstring extension for locale-aware string operations",
                "ext-memcache": "Enables the use of TMemCache as a cache handler",
                "ext-openssl": "Enables encryption of sensitive data, eg. page viewstate",
                "ext-pdo": "Used by all the Prado\\Data components, eg. TActiveRecord",
                "ext-soap": "Used by TSoapService to provide a soap backend",
                "ext-xcache": "Enables the use of TXCache as a cache handler",
                "ext-xsl": "Used by the TXmlTransform component",
                "ext-zlib": "Enables compression to reduce page size",
                "pradosoft/prado-demos": "Demo applications for Prado"
            },
            "bin": [
                "bin/prado-cli"
            ],
            "type": "library",
            "autoload": {
                "psr-4": {
                    "Prado\\": "framework"
                }
            },
            "notification-url": "https://packagist.org/downloads/",
            "license": [
                "BSD-3-Clause"
            ],
            "authors": [
                {
                    "name": "Fabio Bas",
                    "email": "ctrlaltca@gmail.com",
                    "role": "Developer"
                },
                {
                    "name": "Ciro Mattia Gonano",
                    "email": "ciromattia@gmail.com",
                    "role": "Github/Packagist Maintainer"
                },
                {
                    "name": "David Otto",
                    "role": "Developer"
                },
                {
                    "name": "Daniel Sampedro",
                    "email": "darthdaniel85@gmail.com",
                    "role": "Developer"
                },
                {
                    "name": "Jens Klaer",
                    "email": "kj.landwehr.software@gmail.com",
                    "role": "Developer"
                }
            ],
            "description": "Component Framework for PHP",
            "homepage": "https://github.com/pradosoft/prado",
            "keywords": [
                "component",
                "framework"
            ],
            "time": "2017-04-21 13:45:41"
        },
        {
            "name": "pradosoft/prado-tinymce3",
            "version": "3.5.12",
            "source": {
                "type": "git",
                "url": "https://github.com/pradosoft/prado-tinymce3.git",
                "reference": "3b09ccdf0fb0dca11b22e3af9d0496d5a0766e27"
            },
            "dist": {
                "type": "zip",
                "url": "https://api.github.com/repos/pradosoft/prado-tinymce3/zipball/3b09ccdf0fb0dca11b22e3af9d0496d5a0766e27",
                "reference": "3b09ccdf0fb0dca11b22e3af9d0496d5a0766e27",
                "shasum": ""
            },
            "type": "library",
            "notification-url": "https://packagist.org/downloads/",
            "license": [
                "LGPL-2.1"
            ],
            "authors": [
                {
                    "name": "Fabio Bas",
                    "email": "ctrlaltca@gmail.com",
                    "role": "Developer"
                }
            ],
            "description": "Packaged tinyMCE 3 in Prado",
            "homepage": "https://github.com/pradosoft/prado-tinymce3",
            "time": "2016-11-29T08:52:28+00:00"
        },
        {
            "name": "pradosoft/prado-wsdlgenerator",
            "version": "1.0",
            "source": {
                "type": "git",
                "url": "https://github.com/pradosoft/prado-wsdlgenerator.git",
                "reference": "a8194b43e7566dfded39849ce81ed556b595a6e3"
            },
            "dist": {
                "type": "zip",
                "url": "https://api.github.com/repos/pradosoft/prado-wsdlgenerator/zipball/a8194b43e7566dfded39849ce81ed556b595a6e3",
                "reference": "a8194b43e7566dfded39849ce81ed556b595a6e3",
                "shasum": ""
            },
            "type": "library",
            "autoload": {
                "psr-4": {
                    "Prado\\Wsdl\\": "src"
                }
            },
            "notification-url": "https://packagist.org/downloads/",
            "license": [
                "BSD-3-Clause"
            ],
            "authors": [
                {
                    "name": "Fabio Bas",
                    "email": "ctrlaltca@gmail.com",
                    "role": "Developer"
                },
                {
                    "name": "Cristian Losada",
                    "email": "cristian@teaxul.com",
                    "role": "Developer"
                },
                {
                    "name": "Marcus Nyeholt",
                    "email": "tanus@users.sourceforge.net",
                    "role": "Developer"
                },
                {
                    "name": "Wei Zhuo",
                    "email": "weizhuo@gmail.com",
                    "role": "Developer"
                }
            ],
            "description": "Wsdl generator used in Prado",
            "homepage": "https://github.com/pradosoft/prado-wsdlgenerator",
            "time": "2016-11-27T17:08:08+00:00"
        },
        {
            "name": "psr/log",
            "version": "1.0.2",
            "source": {
                "type": "git",
                "url": "https://github.com/php-fig/log.git",
                "reference": "4ebe3a8bf773a19edfe0a84b6585ba3d401b724d"
            },
            "dist": {
                "type": "zip",
                "url": "https://api.github.com/repos/php-fig/log/zipball/4ebe3a8bf773a19edfe0a84b6585ba3d401b724d",
                "reference": "4ebe3a8bf773a19edfe0a84b6585ba3d401b724d",
                "shasum": ""
            },
            "require": {
                "php": ">=5.3.0"
            },
            "type": "library",
            "extra": {
                "branch-alias": {
                    "dev-master": "1.0.x-dev"
                }
            },
            "autoload": {
                "psr-4": {
                    "Psr\\Log\\": "Psr/Log/"
                }
            },
            "notification-url": "https://packagist.org/downloads/",
            "license": [
                "MIT"
            ],
            "authors": [
                {
                    "name": "PHP-FIG",
                    "homepage": "http://www.php-fig.org/"
                }
            ],
            "description": "Common interface for logging libraries",
            "homepage": "https://github.com/php-fig/log",
            "keywords": [
                "log",
                "psr",
                "psr-3"
            ],
            "time": "2016-10-10T12:19:37+00:00"
        },
        {
            "name": "psy/psysh",
            "version": "v0.8.3",
            "source": {
                "type": "git",
                "url": "https://github.com/bobthecow/psysh.git",
                "reference": "1dd4bbbc64d71e7ec075ffe82b42d9e096dc8d5e"
            },
            "dist": {
                "type": "zip",
                "url": "https://api.github.com/repos/bobthecow/psysh/zipball/1dd4bbbc64d71e7ec075ffe82b42d9e096dc8d5e",
                "reference": "1dd4bbbc64d71e7ec075ffe82b42d9e096dc8d5e",
                "shasum": ""
            },
            "require": {
                "dnoegel/php-xdg-base-dir": "0.1",
                "jakub-onderka/php-console-highlighter": "0.3.*",
                "nikic/php-parser": "~1.3|~2.0|~3.0",
                "php": ">=5.3.9",
                "symfony/console": "~2.3.10|^2.4.2|~3.0",
                "symfony/var-dumper": "~2.7|~3.0"
            },
            "require-dev": {
                "friendsofphp/php-cs-fixer": "~1.11",
                "hoa/console": "~3.16|~1.14",
                "phpunit/phpunit": "~4.4|~5.0",
                "symfony/finder": "~2.1|~3.0"
            },
            "suggest": {
                "ext-pcntl": "Enabling the PCNTL extension makes PsySH a lot happier :)",
                "ext-pdo-sqlite": "The doc command requires SQLite to work.",
                "ext-posix": "If you have PCNTL, you'll want the POSIX extension as well.",
                "ext-readline": "Enables support for arrow-key history navigation, and showing and manipulating command history.",
                "hoa/console": "A pure PHP readline implementation. You'll want this if your PHP install doesn't already support readline or libedit."
            },
            "bin": [
                "bin/psysh"
            ],
            "type": "library",
            "extra": {
                "branch-alias": {
                    "dev-develop": "0.9.x-dev"
                }
            },
            "autoload": {
                "files": [
                    "src/Psy/functions.php"
                ],
                "psr-4": {
                    "Psy\\": "src/Psy/"
                }
            },
            "notification-url": "https://packagist.org/downloads/",
            "license": [
                "MIT"
            ],
            "authors": [
                {
                    "name": "Justin Hileman",
                    "email": "justin@justinhileman.info",
                    "homepage": "http://justinhileman.com"
                }
            ],
            "description": "An interactive shell for modern PHP.",
            "homepage": "http://psysh.org",
            "keywords": [
                "REPL",
                "console",
                "interactive",
                "shell"
            ],
            "time": "2017-03-19T21:40:44+00:00"
        },
        {
            "name": "symfony/console",
            "version": "v3.2.7",
            "source": {
                "type": "git",
                "url": "https://github.com/symfony/console.git",
                "reference": "c30243cc51f726812be3551316b109a2f5deaf8d"
            },
            "dist": {
                "type": "zip",
                "url": "https://api.github.com/repos/symfony/console/zipball/c30243cc51f726812be3551316b109a2f5deaf8d",
                "reference": "c30243cc51f726812be3551316b109a2f5deaf8d",
                "shasum": ""
            },
            "require": {
                "php": ">=5.5.9",
                "symfony/debug": "~2.8|~3.0",
                "symfony/polyfill-mbstring": "~1.0"
            },
            "require-dev": {
                "psr/log": "~1.0",
                "symfony/event-dispatcher": "~2.8|~3.0",
                "symfony/filesystem": "~2.8|~3.0",
                "symfony/process": "~2.8|~3.0"
            },
            "suggest": {
                "psr/log": "For using the console logger",
                "symfony/event-dispatcher": "",
                "symfony/filesystem": "",
                "symfony/process": ""
            },
            "type": "library",
            "extra": {
                "branch-alias": {
                    "dev-master": "3.2-dev"
                }
            },
            "autoload": {
                "psr-4": {
                    "Symfony\\Component\\Console\\": ""
                },
                "exclude-from-classmap": [
                    "/Tests/"
                ]
            },
            "notification-url": "https://packagist.org/downloads/",
            "license": [
                "MIT"
            ],
            "authors": [
                {
                    "name": "Fabien Potencier",
                    "email": "fabien@symfony.com"
                },
                {
                    "name": "Symfony Community",
                    "homepage": "https://symfony.com/contributors"
                }
            ],
            "description": "Symfony Console Component",
            "homepage": "https://symfony.com",
            "time": "2017-04-04T14:33:42+00:00"
        },
        {
            "name": "symfony/debug",
            "version": "v3.2.7",
            "source": {
                "type": "git",
                "url": "https://github.com/symfony/debug.git",
                "reference": "56f613406446a4a0a031475cfd0a01751de22659"
            },
            "dist": {
                "type": "zip",
                "url": "https://api.github.com/repos/symfony/debug/zipball/56f613406446a4a0a031475cfd0a01751de22659",
                "reference": "56f613406446a4a0a031475cfd0a01751de22659",
                "shasum": ""
            },
            "require": {
                "php": ">=5.5.9",
                "psr/log": "~1.0"
            },
            "conflict": {
                "symfony/http-kernel": ">=2.3,<2.3.24|~2.4.0|>=2.5,<2.5.9|>=2.6,<2.6.2"
            },
            "require-dev": {
                "symfony/class-loader": "~2.8|~3.0",
                "symfony/http-kernel": "~2.8|~3.0"
            },
            "type": "library",
            "extra": {
                "branch-alias": {
                    "dev-master": "3.2-dev"
                }
            },
            "autoload": {
                "psr-4": {
                    "Symfony\\Component\\Debug\\": ""
                },
                "exclude-from-classmap": [
                    "/Tests/"
                ]
            },
            "notification-url": "https://packagist.org/downloads/",
            "license": [
                "MIT"
            ],
            "authors": [
                {
                    "name": "Fabien Potencier",
                    "email": "fabien@symfony.com"
                },
                {
                    "name": "Symfony Community",
                    "homepage": "https://symfony.com/contributors"
                }
            ],
            "description": "Symfony Debug Component",
            "homepage": "https://symfony.com",
            "time": "2017-03-28T21:38:24+00:00"
        },
        {
            "name": "symfony/polyfill-mbstring",
            "version": "v1.3.0",
            "source": {
                "type": "git",
                "url": "https://github.com/symfony/polyfill-mbstring.git",
                "reference": "e79d363049d1c2128f133a2667e4f4190904f7f4"
            },
            "dist": {
                "type": "zip",
                "url": "https://api.github.com/repos/symfony/polyfill-mbstring/zipball/e79d363049d1c2128f133a2667e4f4190904f7f4",
                "reference": "e79d363049d1c2128f133a2667e4f4190904f7f4",
                "shasum": ""
            },
            "require": {
                "php": ">=5.3.3"
            },
            "suggest": {
                "ext-mbstring": "For best performance"
            },
            "type": "library",
            "extra": {
                "branch-alias": {
                    "dev-master": "1.3-dev"
                }
            },
            "autoload": {
                "psr-4": {
                    "Symfony\\Polyfill\\Mbstring\\": ""
                },
                "files": [
                    "bootstrap.php"
                ]
            },
            "notification-url": "https://packagist.org/downloads/",
            "license": [
                "MIT"
            ],
            "authors": [
                {
                    "name": "Nicolas Grekas",
                    "email": "p@tchwork.com"
                },
                {
                    "name": "Symfony Community",
                    "homepage": "https://symfony.com/contributors"
                }
            ],
            "description": "Symfony polyfill for the Mbstring extension",
            "homepage": "https://symfony.com",
            "keywords": [
                "compatibility",
                "mbstring",
                "polyfill",
                "portable",
                "shim"
            ],
            "time": "2016-11-14T01:06:16+00:00"
        },
        {
            "name": "symfony/var-dumper",
            "version": "v3.2.7",
            "source": {
                "type": "git",
                "url": "https://github.com/symfony/var-dumper.git",
                "reference": "81dce20f69a8b40427e1f4e6462178df87cafc03"
            },
            "dist": {
                "type": "zip",
                "url": "https://api.github.com/repos/symfony/var-dumper/zipball/81dce20f69a8b40427e1f4e6462178df87cafc03",
                "reference": "81dce20f69a8b40427e1f4e6462178df87cafc03",
                "shasum": ""
            },
            "require": {
                "php": ">=5.5.9",
                "symfony/polyfill-mbstring": "~1.0"
            },
            "conflict": {
                "phpunit/phpunit": "<4.8.35|<5.4.3,>=5.0"
            },
            "require-dev": {
                "twig/twig": "~1.20|~2.0"
            },
            "suggest": {
                "ext-symfony_debug": ""
            },
            "type": "library",
            "extra": {
                "branch-alias": {
                    "dev-master": "3.2-dev"
                }
            },
            "autoload": {
                "files": [
                    "Resources/functions/dump.php"
                ],
                "psr-4": {
                    "Symfony\\Component\\VarDumper\\": ""
                },
                "exclude-from-classmap": [
                    "/Tests/"
                ]
            },
            "notification-url": "https://packagist.org/downloads/",
            "license": [
                "MIT"
            ],
            "authors": [
                {
                    "name": "Nicolas Grekas",
                    "email": "p@tchwork.com"
                },
                {
                    "name": "Symfony Community",
                    "homepage": "https://symfony.com/contributors"
                }
            ],
            "description": "Symfony mechanism for exploring and dumping PHP variables",
            "homepage": "https://symfony.com",
            "keywords": [
                "debug",
                "dump"
            ],
            "time": "2017-03-12T16:07:05+00:00"
        }
    ],
    "packages-dev": [],
    "aliases": [],
    "minimum-stability": "stable",
    "stability-flags": {
        "pradosoft/prado": 20
    },
    "prefer-stable": false,
    "prefer-lowest": false,
    "platform": [],
    "platform-dev": []
}
